// !$*UTF8*$!
{
	archiveVersion = 1;
	classes = {
	};
	objectVersion = 48;
	objects = {

/* Begin PBXBuildFile section */
		237912D720522A8700C9F871 /* AppDelegate.swift in Sources */ = {isa = PBXBuildFile; fileRef = 237912D620522A8700C9F871 /* AppDelegate.swift */; };
		237912D920522A8700C9F871 /* ViewController.swift in Sources */ = {isa = PBXBuildFile; fileRef = 237912D820522A8700C9F871 /* ViewController.swift */; };
		237912DC20522A8700C9F871 /* Main.storyboard in Resources */ = {isa = PBXBuildFile; fileRef = 237912DA20522A8700C9F871 /* Main.storyboard */; };
		237912DE20522A8700C9F871 /* Assets.xcassets in Resources */ = {isa = PBXBuildFile; fileRef = 237912DD20522A8700C9F871 /* Assets.xcassets */; };
		237912E120522A8700C9F871 /* LaunchScreen.storyboard in Resources */ = {isa = PBXBuildFile; fileRef = 237912DF20522A8700C9F871 /* LaunchScreen.storyboard */; };
		237912E920522ABA00C9F871 /* SwiftyJSON.swift in Sources */ = {isa = PBXBuildFile; fileRef = 237912E820522ABA00C9F871 /* SwiftyJSON.swift */; };
		237912EB20522C3B00C9F871 /* DetailViewController.swift in Sources */ = {isa = PBXBuildFile; fileRef = 237912EA20522C3B00C9F871 /* DetailViewController.swift */; };
		237912EE20522CE600C9F871 /* Project38.xcdatamodeld in Sources */ = {isa = PBXBuildFile; fileRef = 237912EC20522CE600C9F871 /* Project38.xcdatamodeld */; };
		237B6DFA2054D9000026DC90 /* Commit+CoreDataClass.swift in Sources */ = {isa = PBXBuildFile; fileRef = 237B6DF62054D9000026DC90 /* Commit+CoreDataClass.swift */; };
		237B6DFB2054D9000026DC90 /* Commit+CoreDataProperties.swift in Sources */ = {isa = PBXBuildFile; fileRef = 237B6DF72054D9000026DC90 /* Commit+CoreDataProperties.swift */; };
		237B6DFC2054D9000026DC90 /* GitAuthor+CoreDataClass.swift in Sources */ = {isa = PBXBuildFile; fileRef = 237B6DF82054D9000026DC90 /* GitAuthor+CoreDataClass.swift */; };
		237B6DFD2054D9000026DC90 /* GitAuthor+CoreDataProperties.swift in Sources */ = {isa = PBXBuildFile; fileRef = 237B6DF92054D9000026DC90 /* GitAuthor+CoreDataProperties.swift */; };
		237B6E3F2058C8B90026DC90 /* AuthorTableViewController.swift in Sources */ = {isa = PBXBuildFile; fileRef = 237B6E3E2058C8B90026DC90 /* AuthorTableViewController.swift */; };
/* End PBXBuildFile section */

/* Begin PBXFileReference section */
		237912D320522A8700C9F871 /* Project38.app */ = {isa = PBXFileReference; explicitFileType = wrapper.application; includeInIndex = 0; path = Project38.app; sourceTree = BUILT_PRODUCTS_DIR; };
		237912D620522A8700C9F871 /* AppDelegate.swift */ = {isa = PBXFileReference; lastKnownFileType = sourcecode.swift; path = AppDelegate.swift; sourceTree = "<group>"; };
		237912D820522A8700C9F871 /* ViewController.swift */ = {isa = PBXFileReference; lastKnownFileType = sourcecode.swift; path = ViewController.swift; sourceTree = "<group>"; };
		237912DB20522A8700C9F871 /* Base */ = {isa = PBXFileReference; lastKnownFileType = file.storyboard; name = Base; path = Base.lproj/Main.storyboard; sourceTree = "<group>"; };
		237912DD20522A8700C9F871 /* Assets.xcassets */ = {isa = PBXFileReference; lastKnownFileType = folder.assetcatalog; path = Assets.xcassets; sourceTree = "<group>"; };
		237912E020522A8700C9F871 /* Base */ = {isa = PBXFileReference; lastKnownFileType = file.storyboard; name = Base; path = Base.lproj/LaunchScreen.storyboard; sourceTree = "<group>"; };
		237912E220522A8700C9F871 /* Info.plist */ = {isa = PBXFileReference; lastKnownFileType = text.plist.xml; path = Info.plist; sourceTree = "<group>"; };
		237912E820522ABA00C9F871 /* SwiftyJSON.swift */ = {isa = PBXFileReference; fileEncoding = 4; lastKnownFileType = sourcecode.swift; path = SwiftyJSON.swift; sourceTree = "<group>"; };
		237912EA20522C3B00C9F871 /* DetailViewController.swift */ = {isa = PBXFileReference; lastKnownFileType = sourcecode.swift; path = DetailViewController.swift; sourceTree = "<group>"; };
		237912ED20522CE600C9F871 /* Project38.xcdatamodel */ = {isa = PBXFileReference; lastKnownFileType = wrapper.xcdatamodel; path = Project38.xcdatamodel; sourceTree = "<group>"; };
		237B6DF62054D9000026DC90 /* Commit+CoreDataClass.swift */ = {isa = PBXFileReference; lastKnownFileType = sourcecode.swift; path = "Commit+CoreDataClass.swift"; sourceTree = "<group>"; };
		237B6DF72054D9000026DC90 /* Commit+CoreDataProperties.swift */ = {isa = PBXFileReference; lastKnownFileType = sourcecode.swift; path = "Commit+CoreDataProperties.swift"; sourceTree = "<group>"; };
		237B6DF82054D9000026DC90 /* GitAuthor+CoreDataClass.swift */ = {isa = PBXFileReference; lastKnownFileType = sourcecode.swift; path = "GitAuthor+CoreDataClass.swift"; sourceTree = "<group>"; };
		237B6DF92054D9000026DC90 /* GitAuthor+CoreDataProperties.swift */ = {isa = PBXFileReference; lastKnownFileType = sourcecode.swift; path = "GitAuthor+CoreDataProperties.swift"; sourceTree = "<group>"; };
		237B6E3E2058C8B90026DC90 /* AuthorTableViewController.swift */ = {isa = PBXFileReference; lastKnownFileType = sourcecode.swift; path = AuthorTableViewController.swift; sourceTree = "<group>"; };
/* End PBXFileReference section */

/* Begin PBXFrameworksBuildPhase section */
		237912D020522A8700C9F871 /* Frameworks */ = {
			isa = PBXFrameworksBuildPhase;
			buildActionMask = 2147483647;
			files = (
			);
			runOnlyForDeploymentPostprocessing = 0;
		};
/* End PBXFrameworksBuildPhase section */

/* Begin PBXGroup section */
		237912CA20522A8700C9F871 = {
			isa = PBXGroup;
			children = (
				237912D520522A8700C9F871 /* Project38 */,
				237912D420522A8700C9F871 /* Products */,
			);
			sourceTree = "<group>";
		};
		237912D420522A8700C9F871 /* Products */ = {
			isa = PBXGroup;
			children = (
				237912D320522A8700C9F871 /* Project38.app */,
			);
			name = Products;
			sourceTree = "<group>";
		};
		237912D520522A8700C9F871 /* Project38 */ = {
			isa = PBXGroup;
			children = (
				237B6DF62054D9000026DC90 /* Commit+CoreDataClass.swift */,
				237B6DF72054D9000026DC90 /* Commit+CoreDataProperties.swift */,
				237B6DF82054D9000026DC90 /* GitAuthor+CoreDataClass.swift */,
				237B6DF92054D9000026DC90 /* GitAuthor+CoreDataProperties.swift */,
				237912D620522A8700C9F871 /* AppDelegate.swift */,
				237912D820522A8700C9F871 /* ViewController.swift */,
				237B6E3E2058C8B90026DC90 /* AuthorTableViewController.swift */,
				237912EA20522C3B00C9F871 /* DetailViewController.swift */,
				237912E820522ABA00C9F871 /* SwiftyJSON.swift */,
				237912DD20522A8700C9F871 /* Assets.xcassets */,
				237912DA20522A8700C9F871 /* Main.storyboard */,
				237912DF20522A8700C9F871 /* LaunchScreen.storyboard */,
				237912EC20522CE600C9F871 /* Project38.xcdatamodeld */,
				237912E220522A8700C9F871 /* Info.plist */,
			);
			path = Project38;
			sourceTree = "<group>";
		};
/* End PBXGroup section */

/* Begin PBXNativeTarget section */
		237912D220522A8700C9F871 /* Project38 */ = {
			isa = PBXNativeTarget;
			buildConfigurationList = 237912E520522A8700C9F871 /* Build configuration list for PBXNativeTarget "Project38" */;
			buildPhases = (
				237912CF20522A8700C9F871 /* Sources */,
				237912D020522A8700C9F871 /* Frameworks */,
				237912D120522A8700C9F871 /* Resources */,
			);
			buildRules = (
			);
			dependencies = (
			);
			name = Project38;
			productName = Project38;
			productReference = 237912D320522A8700C9F871 /* Project38.app */;
			productType = "com.apple.product-type.application";
		};
/* End PBXNativeTarget section */

/* Begin PBXProject section */
		237912CB20522A8700C9F871 /* Project object */ = {
			isa = PBXProject;
			attributes = {
				LastSwiftUpdateCheck = 0920;
				LastUpgradeCheck = 0920;
				ORGANIZATIONNAME = "Jake Grant";
				TargetAttributes = {
					237912D220522A8700C9F871 = {
						CreatedOnToolsVersion = 9.2;
						ProvisioningStyle = Automatic;
					};
				};
			};
			buildConfigurationList = 237912CE20522A8700C9F871 /* Build configuration list for PBXProject "Project38" */;
			compatibilityVersion = "Xcode 8.0";
			developmentRegion = en;
			hasScannedForEncodings = 0;
			knownRegions = (
				en,
				Base,
			);
			mainGroup = 237912CA20522A8700C9F871;
			productRefGroup = 237912D420522A8700C9F871 /* Products */;
			projectDirPath = "";
			projectRoot = "";
			targets = (
				237912D220522A8700C9F871 /* Project38 */,
			);
		};
/* End PBXProject section */

/* Begin PBXResourcesBuildPhase section */
		237912D120522A8700C9F871 /* Resources */ = {
			isa = PBXResourcesBuildPhase;
			buildActionMask = 2147483647;
			files = (
				237912E120522A8700C9F871 /* LaunchScreen.storyboard in Resources */,
				237912DE20522A8700C9F871 /* Assets.xcassets in Resources */,
				237912DC20522A8700C9F871 /* Main.storyboard in Resources */,
			);
			runOnlyForDeploymentPostprocessing = 0;
		};
/* End PBXResourcesBuildPhase section */

/* Begin PBXSourcesBuildPhase section */
		237912CF20522A8700C9F871 /* Sources */ = {
			isa = PBXSourcesBuildPhase;
			buildActionMask = 2147483647;
			files = (
				237B6DFA2054D9000026DC90 /* Commit+CoreDataClass.swift in Sources */,
				237912E920522ABA00C9F871 /* SwiftyJSON.swift in Sources */,
				237B6E3F2058C8B90026DC90 /* AuthorTableViewController.swift in Sources */,
				237B6DFD2054D9000026DC90 /* GitAuthor+CoreDataProperties.swift in Sources */,
				237B6DFB2054D9000026DC90 /* Commit+CoreDataProperties.swift in Sources */,
				237B6DFC2054D9000026DC90 /* GitAuthor+CoreDataClass.swift in Sources */,
				237912EE20522CE600C9F871 /* Project38.xcdatamodeld in Sources */,
				237912D920522A8700C9F871 /* ViewController.swift in Sources */,
				237912D720522A8700C9F871 /* AppDelegate.swift in Sources */,
				237912EB20522C3B00C9F871 /* DetailViewController.swift in Sources */,
			);
			runOnlyForDeploymentPostprocessing = 0;
		};
/* End PBXSourcesBuildPhase section */

/* Begin PBXVariantGroup section */
		237912DA20522A8700C9F871 /* Main.storyboard */ = {
			isa = PBXVariantGroup;
			children = (
				237912DB20522A8700C9F871 /* Base */,
			);
			name = Main.storyboard;
			sourceTree = "<group>";
		};
		237912DF20522A8700C9F871 /* LaunchScreen.storyboard */ = {
			isa = PBXVariantGroup;
			children = (
				237912E020522A8700C9F871 /* Base */,
			);
			name = LaunchScreen.storyboard;
			sourceTree = "<group>";
		};
/* End PBXVariantGroup section */

/* Begin XCBuildConfiguration section */
		237912E320522A8700C9F871 /* Debug */ = {
			isa = XCBuildConfiguration;
			buildSettings = {
				ALWAYS_SEARCH_USER_PATHS = NO;
				CLANG_ANALYZER_NONNULL = YES;
				CLANG_ANALYZER_NUMBER_OBJECT_CONVERSION = YES_AGGRESSIVE;
				CLANG_CXX_LANGUAGE_STANDARD = "gnu++14";
				CLANG_CXX_LIBRARY = "libc++";
				CLANG_ENABLE_MODULES = YES;
				CLANG_ENABLE_OBJC_ARC = YES;
				CLANG_WARN_BLOCK_CAPTURE_AUTORELEASING = YES;
				CLANG_WARN_BOOL_CONVERSION = YES;
				CLANG_WARN_COMMA = YES;
				CLANG_WARN_CONSTANT_CONVERSION = YES;
				CLANG_WARN_DIRECT_OBJC_ISA_USAGE = YES_ERROR;
				CLANG_WARN_DOCUMENTATION_COMMENTS = YES;
				CLANG_WARN_EMPTY_BODY = YES;
				CLANG_WARN_ENUM_CONVERSION = YES;
				CLANG_WARN_INFINITE_RECURSION = YES;
				CLANG_WARN_INT_CONVERSION = YES;
				CLANG_WARN_NON_LITERAL_NULL_CONVERSION = YES;
				CLANG_WARN_OBJC_LITERAL_CONVERSION = YES;
				CLANG_WARN_OBJC_ROOT_CLASS = YES_ERROR;
				CLANG_WARN_RANGE_LOOP_ANALYSIS = YES;
				CLANG_WARN_STRICT_PROTOTYPES = YES;
				CLANG_WARN_SUSPICIOUS_MOVE = YES;
				CLANG_WARN_UNGUARDED_AVAILABILITY = YES_AGGRESSIVE;
				CLANG_WARN_UNREACHABLE_CODE = YES;
				CLANG_WARN__DUPLICATE_METHOD_MATCH = YES;
				CODE_SIGN_IDENTITY = "iPhone Developer";
				COPY_PHASE_STRIP = NO;
				DEBUG_INFORMATION_FORMAT = dwarf;
				ENABLE_STRICT_OBJC_MSGSEND = YES;
				ENABLE_TESTABILITY = YES;
				GCC_C_LANGUAGE_STANDARD = gnu11;
				GCC_DYNAMIC_NO_PIC = NO;
				GCC_NO_COMMON_BLOCKS = YES;
				GCC_OPTIMIZATION_LEVEL = 0;
				GCC_PREPROCESSOR_DEFINITIONS = (
					"DEBUG=1",
					"$(inherited)",
				);
				GCC_WARN_64_TO_32_BIT_CONVERSION = YES;
				GCC_WARN_ABOUT_RETURN_TYPE = YES_ERROR;
				GCC_WARN_UNDECLARED_SELECTOR = YES;
				GCC_WARN_UNINITIALIZED_AUTOS = YES_AGGRESSIVE;
				GCC_WARN_UNUSED_FUNCTION = YES;
				GCC_WARN_UNUSED_VARIABLE = YES;
				IPHONEOS_DEPLOYMENT_TARGET = 11.2;
				MTL_ENABLE_DEBUG_INFO = YES;
				ONLY_ACTIVE_ARCH = YES;
				SDKROOT = iphoneos;
				SWIFT_ACTIVE_COMPILATION_CONDITIONS = DEBUG;
				SWIFT_OPTIMIZATION_LEVEL = "-Onone";
			};
			name = Debug;
		};
		237912E420522A8700C9F871 /* Release */ = {
			isa = XCBuildConfiguration;
			buildSettings = {
				ALWAYS_SEARCH_USER_PATHS = NO;
				CLANG_ANALYZER_NONNULL = YES;
				CLANG_ANALYZER_NUMBER_OBJECT_CONVERSION = YES_AGGRESSIVE;
				CLANG_CXX_LANGUAGE_STANDARD = "gnu++14";
				CLANG_CXX_LIBRARY = "libc++";
				CLANG_ENABLE_MODULES = YES;
				CLANG_ENABLE_OBJC_ARC = YES;
				CLANG_WARN_BLOCK_CAPTURE_AUTORELEASING = YES;
				CLANG_WARN_BOOL_CONVERSION = YES;
				CLANG_WARN_COMMA = YES;
				CLANG_WARN_CONSTANT_CONVERSION = YES;
				CLANG_WARN_DIRECT_OBJC_ISA_USAGE = YES_ERROR;
				CLANG_WARN_DOCUMENTATION_COMMENTS = YES;
				CLANG_WARN_EMPTY_BODY = YES;
				CLANG_WARN_ENUM_CONVERSION = YES;
				CLANG_WARN_INFINITE_RECURSION = YES;
				CLANG_WARN_INT_CONVERSION = YES;
				CLANG_WARN_NON_LITERAL_NULL_CONVERSION = YES;
				CLANG_WARN_OBJC_LITERAL_CONVERSION = YES;
				CLANG_WARN_OBJC_ROOT_CLASS = YES_ERROR;
				CLANG_WARN_RANGE_LOOP_ANALYSIS = YES;
				CLANG_WARN_STRICT_PROTOTYPES = YES;
				CLANG_WARN_SUSPICIOUS_MOVE = YES;
				CLANG_WARN_UNGUARDED_AVAILABILITY = YES_AGGRESSIVE;
				CLANG_WARN_UNREACHABLE_CODE = YES;
				CLANG_WARN__DUPLICATE_METHOD_MATCH = YES;
				CODE_SIGN_IDENTITY = "iPhone Developer";
				COPY_PHASE_STRIP = NO;
				DEBUG_INFORMATION_FORMAT = "dwarf-with-dsym";
				ENABLE_NS_ASSERTIONS = NO;
				ENABLE_STRICT_OBJC_MSGSEND = YES;
				GCC_C_LANGUAGE_STANDARD = gnu11;
				GCC_NO_COMMON_BLOCKS = YES;
				GCC_WARN_64_TO_32_BIT_CONVERSION = YES;
				GCC_WARN_ABOUT_RETURN_TYPE = YES_ERROR;
				GCC_WARN_UNDECLARED_SELECTOR = YES;
				GCC_WARN_UNINITIALIZED_AUTOS = YES_AGGRESSIVE;
				GCC_WARN_UNUSED_FUNCTION = YES;
				GCC_WARN_UNUSED_VARIABLE = YES;
				IPHONEOS_DEPLOYMENT_TARGET = 11.2;
				MTL_ENABLE_DEBUG_INFO = NO;
				SDKROOT = iphoneos;
				SWIFT_OPTIMIZATION_LEVEL = "-Owholemodule";
				VALIDATE_PRODUCT = YES;
			};
			name = Release;
		};
		237912E620522A8700C9F871 /* Debug */ = {
			isa = XCBuildConfiguration;
			buildSettings = {
				ASSETCATALOG_COMPILER_APPICON_NAME = AppIcon;
				CODE_SIGN_STYLE = Automatic;
				DEVELOPMENT_TEAM = PWBLH7P4Y4;
				INFOPLIST_FILE = Project38/Info.plist;
				LD_RUNPATH_SEARCH_PATHS = "$(inherited) @executable_path/Frameworks";
				PRODUCT_BUNDLE_IDENTIFIER = waffledog.Project38;
				PRODUCT_NAME = "$(TARGET_NAME)";
				SWIFT_VERSION = 4.0;
				TARGETED_DEVICE_FAMILY = "1,2";
			};
			name = Debug;
		};
		237912E720522A8700C9F871 /* Release */ = {
			isa = XCBuildConfiguration;
			buildSettings = {
				ASSETCATALOG_COMPILER_APPICON_NAME = AppIcon;
				CODE_SIGN_STYLE = Automatic;
				DEVELOPMENT_TEAM = PWBLH7P4Y4;
				INFOPLIST_FILE = Project38/Info.plist;
				LD_RUNPATH_SEARCH_PATHS = "$(inherited) @executable_path/Frameworks";
				PRODUCT_BUNDLE_IDENTIFIER = waffledog.Project38;
				PRODUCT_NAME = "$(TARGET_NAME)";
				SWIFT_VERSION = 4.0;
				TARGETED_DEVICE_FAMILY = "1,2";
			};
			name = Release;
		};
/* End XCBuildConfiguration section */

/* Begin XCConfigurationList section */
		237912CE20522A8700C9F871 /* Build configuration list for PBXProject "Project38" */ = {
			isa = XCConfigurationList;
			buildConfigurations = (
				237912E320522A8700C9F871 /* Debug */,
				237912E420522A8700C9F871 /* Release */,
			);
			defaultConfigurationIsVisible = 0;
			defaultConfigurationName = Release;
		};
		237912E520522A8700C9F871 /* Build configuration list for PBXNativeTarget "Project38" */ = {
			isa = XCConfigurationList;
			buildConfigurations = (
				237912E620522A8700C9F871 /* Debug */,
				237912E720522A8700C9F871 /* Release */,
			);
			defaultConfigurationIsVisible = 0;
			defaultConfigurationName = Release;
		};
/* End XCConfigurationList section */

/* Begin XCVersionGroup section */
		237912EC20522CE600C9F871 /* Project38.xcdatamodeld */ = {
			isa = XCVersionGroup;
			children = (
				237912ED20522CE600C9F871 /* Project38.xcdatamodel */,
			);
			currentVersion = 237912ED20522CE600C9F871 /* Project38.xcdatamodel */;
			path = Project38.xcdatamodeld;
			sourceTree = "<group>";
			versionGroupType = wrapper.xcdatamodel;
		};
/* End XCVersionGroup section */
	};
	rootObject = 237912CB20522A8700C9F871 /* Project object */;
}
